
Microsoft Visual Studio Solution File, Format Version 12.00
# Visual Studio Version 17
VisualStudioVersion = 17.8.34408.163
MinimumVisualStudioVersion = 10.0.40219.1
Project("{9A19103F-16F7-4668-BE54-9A1E7A4F7556}") = "FirstApp", "FirstApp.csproj", "{A5DE2178-E4D6-4C42-8EBF-818C2F76C80F}"
EndProject
Global
	GlobalSection(SolutionConfigurationPlatforms) = preSolution
		Debug|Any CPU = Debug|Any CPU
		Release|Any CPU = Release|Any CPU
	EndGlobalSection
	GlobalSection(ProjectConfigurationPlatforms) = postSolution
		{A5DE2178-E4D6-4C42-8EBF-818C2F76C80F}.Debug|Any CPU.ActiveCfg = Debug|Any CPU
		{A5DE2178-E4D6-4C42-8EBF-818C2F76C80F}.Debug|Any CPU.Build.0 = Debug|Any CPU
		{A5DE2178-E4D6-4C42-8EBF-818C2F76C80F}.Debug|Any CPU.Deploy.0 = Debug|Any CPU
		{A5DE2178-E4D6-4C42-8EBF-818C2F76C80F}.Release|Any CPU.ActiveCfg = Release|Any CPU
		{A5DE2178-E4D6-4C42-8EBF-818C2F76C80F}.Release|Any CPU.Build.0 = Release|Any CPU
		{A5DE2178-E4D6-4C42-8EBF-818C2F76C80F}.Release|Any CPU.Deploy.0 = Release|Any CPU
	EndGlobalSection
	GlobalSection(SolutionProperties) = preSolution
		HideSolutionNode = FALSE
	EndGlobalSection
	GlobalSection(ExtensibilityGlobals) = postSolution
		SolutionGuid = {4C7101ED-CCC5-4F6C-A936-2E3A6E3503EE}
	EndGlobalSection
EndGlobal
